// !$*UTF8*$!
{
	archiveVersion = 1;
	classes = {
	};
	objectVersion = 50;
	objects = {

/* Begin PBXBuildFile section */
		2868FC11528EC05254311D76 /* Pods_EarlGreyExperiment.framework in Frameworks */ = {isa = PBXBuildFile; fileRef = F86F40B69B087B50DFC0BBBB /* Pods_EarlGreyExperiment.framework */; };
		BCD5208424FF94490019B2AF /* AppDelegate.swift in Sources */ = {isa = PBXBuildFile; fileRef = BCD5208324FF94490019B2AF /* AppDelegate.swift */; };
		BCD5208624FF94490019B2AF /* SceneDelegate.swift in Sources */ = {isa = PBXBuildFile; fileRef = BCD5208524FF94490019B2AF /* SceneDelegate.swift */; };
		BCD5208824FF94490019B2AF /* ViewController.swift in Sources */ = {isa = PBXBuildFile; fileRef = BCD5208724FF94490019B2AF /* ViewController.swift */; };
		BCD5208B24FF94490019B2AF /* Main.storyboard in Resources */ = {isa = PBXBuildFile; fileRef = BCD5208924FF94490019B2AF /* Main.storyboard */; };
		BCD5208D24FF944A0019B2AF /* Assets.xcassets in Resources */ = {isa = PBXBuildFile; fileRef = BCD5208C24FF944A0019B2AF /* Assets.xcassets */; };
		BCD5209024FF944A0019B2AF /* LaunchScreen.storyboard in Resources */ = {isa = PBXBuildFile; fileRef = BCD5208E24FF944A0019B2AF /* LaunchScreen.storyboard */; };
		BCD5209B24FF944A0019B2AF /* EarlGreyExperimentTests.swift in Sources */ = {isa = PBXBuildFile; fileRef = BCD5209A24FF944A0019B2AF /* EarlGreyExperimentTests.swift */; };
		BCD520A624FF944A0019B2AF /* EarlGreyExperimentUITests.swift in Sources */ = {isa = PBXBuildFile; fileRef = BCD520A524FF944A0019B2AF /* EarlGreyExperimentUITests.swift */; };
		BCD520B424FF949B0019B2AF /* EarlGrey.swift in Sources */ = {isa = PBXBuildFile; fileRef = BCD520B324FF949B0019B2AF /* EarlGrey.swift */; };
		D2E8F06312A56D7FCAC21934 /* Pods_EarlGreyExperimentUITests.framework in Frameworks */ = {isa = PBXBuildFile; fileRef = 3D508AD3FD6A43C6BDA30A17 /* Pods_EarlGreyExperimentUITests.framework */; };
		E8EE28CDE5B2DCC4A846E6F5 /* Pods_EarlGreyExperimentTests.framework in Frameworks */ = {isa = PBXBuildFile; fileRef = 89B650FABF39941CAE91BAE0 /* Pods_EarlGreyExperimentTests.framework */; };
/* End PBXBuildFile section */

/* Begin PBXContainerItemProxy section */
		BCD5209724FF944A0019B2AF /* PBXContainerItemProxy */ = {
			isa = PBXContainerItemProxy;
			containerPortal = BCD5207824FF94490019B2AF /* Project object */;
			proxyType = 1;
			remoteGlobalIDString = BCD5207F24FF94490019B2AF;
			remoteInfo = EarlGreyExperiment;
		};
		BCD520A224FF944A0019B2AF /* PBXContainerItemProxy */ = {
			isa = PBXContainerItemProxy;
			containerPortal = BCD5207824FF94490019B2AF /* Project object */;
			proxyType = 1;
			remoteGlobalIDString = BCD5207F24FF94490019B2AF;
			remoteInfo = EarlGreyExperiment;
		};
/* End PBXContainerItemProxy section */

/* Begin PBXFileReference section */
		21054D0067EB0AF9AB9EB02C /* Pods-EarlGreyExperimentUITests.release.xcconfig */ = {isa = PBXFileReference; includeInIndex = 1; lastKnownFileType = text.xcconfig; name = "Pods-EarlGreyExperimentUITests.release.xcconfig"; path = "Target Support Files/Pods-EarlGreyExperimentUITests/Pods-EarlGreyExperimentUITests.release.xcconfig"; sourceTree = "<group>"; };
		3D508AD3FD6A43C6BDA30A17 /* Pods_EarlGreyExperimentUITests.framework */ = {isa = PBXFileReference; explicitFileType = wrapper.framework; includeInIndex = 0; path = Pods_EarlGreyExperimentUITests.framework; sourceTree = BUILT_PRODUCTS_DIR; };
		65B85BCA5EC909EDB5792F9A /* Pods-EarlGreyExperiment.release.xcconfig */ = {isa = PBXFileReference; includeInIndex = 1; lastKnownFileType = text.xcconfig; name = "Pods-EarlGreyExperiment.release.xcconfig"; path = "Target Support Files/Pods-EarlGreyExperiment/Pods-EarlGreyExperiment.release.xcconfig"; sourceTree = "<group>"; };
		89B650FABF39941CAE91BAE0 /* Pods_EarlGreyExperimentTests.framework */ = {isa = PBXFileReference; explicitFileType = wrapper.framework; includeInIndex = 0; path = Pods_EarlGreyExperimentTests.framework; sourceTree = BUILT_PRODUCTS_DIR; };
		90226AD9FF3597EB1CC7924B /* Pods-EarlGreyExperimentTests.debug.xcconfig */ = {isa = PBXFileReference; includeInIndex = 1; lastKnownFileType = text.xcconfig; name = "Pods-EarlGreyExperimentTests.debug.xcconfig"; path = "Target Support Files/Pods-EarlGreyExperimentTests/Pods-EarlGreyExperimentTests.debug.xcconfig"; sourceTree = "<group>"; };
		93A53415FD0495747F74DA41 /* Pods-EarlGreyExperimentUITests.debug.xcconfig */ = {isa = PBXFileReference; includeInIndex = 1; lastKnownFileType = text.xcconfig; name = "Pods-EarlGreyExperimentUITests.debug.xcconfig"; path = "Target Support Files/Pods-EarlGreyExperimentUITests/Pods-EarlGreyExperimentUITests.debug.xcconfig"; sourceTree = "<group>"; };
		BCD5208024FF94490019B2AF /* EarlGreyExperiment.app */ = {isa = PBXFileReference; explicitFileType = wrapper.application; includeInIndex = 0; path = EarlGreyExperiment.app; sourceTree = BUILT_PRODUCTS_DIR; };
		BCD5208324FF94490019B2AF /* AppDelegate.swift */ = {isa = PBXFileReference; lastKnownFileType = sourcecode.swift; path = AppDelegate.swift; sourceTree = "<group>"; };
		BCD5208524FF94490019B2AF /* SceneDelegate.swift */ = {isa = PBXFileReference; lastKnownFileType = sourcecode.swift; path = SceneDelegate.swift; sourceTree = "<group>"; };
		BCD5208724FF94490019B2AF /* ViewController.swift */ = {isa = PBXFileReference; lastKnownFileType = sourcecode.swift; path = ViewController.swift; sourceTree = "<group>"; };
		BCD5208A24FF94490019B2AF /* Base */ = {isa = PBXFileReference; lastKnownFileType = file.storyboard; name = Base; path = Base.lproj/Main.storyboard; sourceTree = "<group>"; };
		BCD5208C24FF944A0019B2AF /* Assets.xcassets */ = {isa = PBXFileReference; lastKnownFileType = folder.assetcatalog; path = Assets.xcassets; sourceTree = "<group>"; };
		BCD5208F24FF944A0019B2AF /* Base */ = {isa = PBXFileReference; lastKnownFileType = file.storyboard; name = Base; path = Base.lproj/LaunchScreen.storyboard; sourceTree = "<group>"; };
		BCD5209124FF944A0019B2AF /* Info.plist */ = {isa = PBXFileReference; lastKnownFileType = text.plist.xml; path = Info.plist; sourceTree = "<group>"; };
		BCD5209624FF944A0019B2AF /* EarlGreyExperimentTests.xctest */ = {isa = PBXFileReference; explicitFileType = wrapper.cfbundle; includeInIndex = 0; path = EarlGreyExperimentTests.xctest; sourceTree = BUILT_PRODUCTS_DIR; };
		BCD5209A24FF944A0019B2AF /* EarlGreyExperimentTests.swift */ = {isa = PBXFileReference; lastKnownFileType = sourcecode.swift; path = EarlGreyExperimentTests.swift; sourceTree = "<group>"; };
		BCD5209C24FF944A0019B2AF /* Info.plist */ = {isa = PBXFileReference; lastKnownFileType = text.plist.xml; path = Info.plist; sourceTree = "<group>"; };
		BCD520A124FF944A0019B2AF /* EarlGreyExperimentUITests.xctest */ = {isa = PBXFileReference; explicitFileType = wrapper.cfbundle; includeInIndex = 0; path = EarlGreyExperimentUITests.xctest; sourceTree = BUILT_PRODUCTS_DIR; };
		BCD520A524FF944A0019B2AF /* EarlGreyExperimentUITests.swift */ = {isa = PBXFileReference; lastKnownFileType = sourcecode.swift; path = EarlGreyExperimentUITests.swift; sourceTree = "<group>"; };
		BCD520A724FF944A0019B2AF /* Info.plist */ = {isa = PBXFileReference; lastKnownFileType = text.plist.xml; path = Info.plist; sourceTree = "<group>"; };
		BCD520B324FF949B0019B2AF /* EarlGrey.swift */ = {isa = PBXFileReference; fileEncoding = 4; lastKnownFileType = sourcecode.swift; path = EarlGrey.swift; sourceTree = "<group>"; };
		F1C224429B295AADB4E1DF14 /* Pods-EarlGreyExperiment.debug.xcconfig */ = {isa = PBXFileReference; includeInIndex = 1; lastKnownFileType = text.xcconfig; name = "Pods-EarlGreyExperiment.debug.xcconfig"; path = "Target Support Files/Pods-EarlGreyExperiment/Pods-EarlGreyExperiment.debug.xcconfig"; sourceTree = "<group>"; };
		F7E466BF5930492D6174065A /* Pods-EarlGreyExperimentTests.release.xcconfig */ = {isa = PBXFileReference; includeInIndex = 1; lastKnownFileType = text.xcconfig; name = "Pods-EarlGreyExperimentTests.release.xcconfig"; path = "Target Support Files/Pods-EarlGreyExperimentTests/Pods-EarlGreyExperimentTests.release.xcconfig"; sourceTree = "<group>"; };
		F86F40B69B087B50DFC0BBBB /* Pods_EarlGreyExperiment.framework */ = {isa = PBXFileReference; explicitFileType = wrapper.framework; includeInIndex = 0; path = Pods_EarlGreyExperiment.framework; sourceTree = BUILT_PRODUCTS_DIR; };
/* End PBXFileReference section */

/* Begin PBXFrameworksBuildPhase section */
		BCD5207D24FF94490019B2AF /* Frameworks */ = {
			isa = PBXFrameworksBuildPhase;
			buildActionMask = 2147483647;
			files = (
				2868FC11528EC05254311D76 /* Pods_EarlGreyExperiment.framework in Frameworks */,
			);
			runOnlyForDeploymentPostprocessing = 0;
		};
		BCD5209324FF944A0019B2AF /* Frameworks */ = {
			isa = PBXFrameworksBuildPhase;
			buildActionMask = 2147483647;
			files = (
				E8EE28CDE5B2DCC4A846E6F5 /* Pods_EarlGreyExperimentTests.framework in Frameworks */,
			);
			runOnlyForDeploymentPostprocessing = 0;
		};
		BCD5209E24FF944A0019B2AF /* Frameworks */ = {
			isa = PBXFrameworksBuildPhase;
			buildActionMask = 2147483647;
			files = (
				D2E8F06312A56D7FCAC21934 /* Pods_EarlGreyExperimentUITests.framework in Frameworks */,
			);
			runOnlyForDeploymentPostprocessing = 0;
		};
/* End PBXFrameworksBuildPhase section */

/* Begin PBXGroup section */
		12FE4AF58649665CE8CF7461 /* Frameworks */ = {
			isa = PBXGroup;
			children = (
				F86F40B69B087B50DFC0BBBB /* Pods_EarlGreyExperiment.framework */,
				89B650FABF39941CAE91BAE0 /* Pods_EarlGreyExperimentTests.framework */,
				3D508AD3FD6A43C6BDA30A17 /* Pods_EarlGreyExperimentUITests.framework */,
			);
			name = Frameworks;
			sourceTree = "<group>";
		};
		7BCF1F175594E3A1EB76DD7C /* Pods */ = {
			isa = PBXGroup;
			children = (
				F1C224429B295AADB4E1DF14 /* Pods-EarlGreyExperiment.debug.xcconfig */,
				65B85BCA5EC909EDB5792F9A /* Pods-EarlGreyExperiment.release.xcconfig */,
				90226AD9FF3597EB1CC7924B /* Pods-EarlGreyExperimentTests.debug.xcconfig */,
				F7E466BF5930492D6174065A /* Pods-EarlGreyExperimentTests.release.xcconfig */,
				93A53415FD0495747F74DA41 /* Pods-EarlGreyExperimentUITests.debug.xcconfig */,
				21054D0067EB0AF9AB9EB02C /* Pods-EarlGreyExperimentUITests.release.xcconfig */,
			);
			name = Pods;
			path = Pods;
			sourceTree = "<group>";
		};
		BCD5207724FF94490019B2AF = {
			isa = PBXGroup;
			children = (
				BCD5208224FF94490019B2AF /* EarlGreyExperiment */,
				BCD5209924FF944A0019B2AF /* EarlGreyExperimentTests */,
				BCD520A424FF944A0019B2AF /* EarlGreyExperimentUITests */,
				BCD5208124FF94490019B2AF /* Products */,
				7BCF1F175594E3A1EB76DD7C /* Pods */,
				12FE4AF58649665CE8CF7461 /* Frameworks */,
			);
			sourceTree = "<group>";
		};
		BCD5208124FF94490019B2AF /* Products */ = {
			isa = PBXGroup;
			children = (
				BCD5208024FF94490019B2AF /* EarlGreyExperiment.app */,
				BCD5209624FF944A0019B2AF /* EarlGreyExperimentTests.xctest */,
				BCD520A124FF944A0019B2AF /* EarlGreyExperimentUITests.xctest */,
			);
			name = Products;
			sourceTree = "<group>";
		};
		BCD5208224FF94490019B2AF /* EarlGreyExperiment */ = {
			isa = PBXGroup;
			children = (
				BCD5208324FF94490019B2AF /* AppDelegate.swift */,
				BCD5208C24FF944A0019B2AF /* Assets.xcassets */,
				BCD5209124FF944A0019B2AF /* Info.plist */,
				BCD5208E24FF944A0019B2AF /* LaunchScreen.storyboard */,
				BCD5208924FF94490019B2AF /* Main.storyboard */,
				BCD5208524FF94490019B2AF /* SceneDelegate.swift */,
				BCD5208724FF94490019B2AF /* ViewController.swift */,
			);
			path = EarlGreyExperiment;
			sourceTree = "<group>";
		};
		BCD5209924FF944A0019B2AF /* EarlGreyExperimentTests */ = {
			isa = PBXGroup;
			children = (
				BCD520B324FF949B0019B2AF /* EarlGrey.swift */,
				BCD5209A24FF944A0019B2AF /* EarlGreyExperimentTests.swift */,
				BCD5209C24FF944A0019B2AF /* Info.plist */,
			);
			path = EarlGreyExperimentTests;
			sourceTree = "<group>";
		};
		BCD520A424FF944A0019B2AF /* EarlGreyExperimentUITests */ = {
			isa = PBXGroup;
			children = (
				BCD520A524FF944A0019B2AF /* EarlGreyExperimentUITests.swift */,
				BCD520A724FF944A0019B2AF /* Info.plist */,
			);
			path = EarlGreyExperimentUITests;
			sourceTree = "<group>";
		};
/* End PBXGroup section */

/* Begin PBXNativeTarget section */
		BCD5207F24FF94490019B2AF /* EarlGreyExperiment */ = {
			isa = PBXNativeTarget;
			buildConfigurationList = BCD520AA24FF944A0019B2AF /* Build configuration list for PBXNativeTarget "EarlGreyExperiment" */;
			buildPhases = (
				22333694D142179A64691D21 /* [CP] Check Pods Manifest.lock */,
				BCD5207C24FF94490019B2AF /* Sources */,
				BCD5207D24FF94490019B2AF /* Frameworks */,
				BCD5207E24FF94490019B2AF /* Resources */,
			);
			buildRules = (
			);
			dependencies = (
			);
			name = EarlGreyExperiment;
			productName = EarlGreyExperiment;
			productReference = BCD5208024FF94490019B2AF /* EarlGreyExperiment.app */;
			productType = "com.apple.product-type.application";
		};
		BCD5209524FF944A0019B2AF /* EarlGreyExperimentTests */ = {
			isa = PBXNativeTarget;
			buildConfigurationList = BCD520AD24FF944A0019B2AF /* Build configuration list for PBXNativeTarget "EarlGreyExperimentTests" */;
			buildPhases = (
				14FE5C4B45140150B6CC2112 /* [CP] Check Pods Manifest.lock */,
				BCD5209224FF944A0019B2AF /* Sources */,
				BCD5209324FF944A0019B2AF /* Frameworks */,
				BCD5209424FF944A0019B2AF /* Resources */,
				AA2D096E88242BA1FA3B6511 /* [CP] Embed Pods Frameworks */,
			);
			buildRules = (
			);
			dependencies = (
				BCD5209824FF944A0019B2AF /* PBXTargetDependency */,
			);
			name = EarlGreyExperimentTests;
			productName = EarlGreyExperimentTests;
			productReference = BCD5209624FF944A0019B2AF /* EarlGreyExperimentTests.xctest */;
			productType = "com.apple.product-type.bundle.unit-test";
		};
		BCD520A024FF944A0019B2AF /* EarlGreyExperimentUITests */ = {
			isa = PBXNativeTarget;
			buildConfigurationList = BCD520B024FF944A0019B2AF /* Build configuration list for PBXNativeTarget "EarlGreyExperimentUITests" */;
			buildPhases = (
				9A81B9D6C8043DD490010F6C /* [CP] Check Pods Manifest.lock */,
				BCD5209D24FF944A0019B2AF /* Sources */,
				BCD5209E24FF944A0019B2AF /* Frameworks */,
				BCD5209F24FF944A0019B2AF /* Resources */,
			);
			buildRules = (
			);
			dependencies = (
				BCD520A324FF944A0019B2AF /* PBXTargetDependency */,
			);
			name = EarlGreyExperimentUITests;
			productName = EarlGreyExperimentUITests;
			productReference = BCD520A124FF944A0019B2AF /* EarlGreyExperimentUITests.xctest */;
			productType = "com.apple.product-type.bundle.ui-testing";
		};
/* End PBXNativeTarget section */

/* Begin PBXProject section */
		BCD5207824FF94490019B2AF /* Project object */ = {
			isa = PBXProject;
			attributes = {
				LastSwiftUpdateCheck = 1170;
				LastUpgradeCheck = 1170;
				ORGANIZATIONNAME = "Adil Hussain";
				TargetAttributes = {
					BCD5207F24FF94490019B2AF = {
						CreatedOnToolsVersion = 11.7;
					};
					BCD5209524FF944A0019B2AF = {
						CreatedOnToolsVersion = 11.7;
						TestTargetID = BCD5207F24FF94490019B2AF;
					};
					BCD520A024FF944A0019B2AF = {
						CreatedOnToolsVersion = 11.7;
						TestTargetID = BCD5207F24FF94490019B2AF;
					};
				};
			};
			buildConfigurationList = BCD5207B24FF94490019B2AF /* Build configuration list for PBXProject "EarlGreyExperiment" */;
			compatibilityVersion = "Xcode 9.3";
			developmentRegion = en;
			hasScannedForEncodings = 0;
			knownRegions = (
				en,
				Base,
			);
			mainGroup = BCD5207724FF94490019B2AF;
			productRefGroup = BCD5208124FF94490019B2AF /* Products */;
			projectDirPath = "";
			projectRoot = "";
			targets = (
				BCD5207F24FF94490019B2AF /* EarlGreyExperiment */,
				BCD5209524FF944A0019B2AF /* EarlGreyExperimentTests */,
				BCD520A024FF944A0019B2AF /* EarlGreyExperimentUITests */,
			);
		};
/* End PBXProject section */

/* Begin PBXResourcesBuildPhase section */
		BCD5207E24FF94490019B2AF /* Resources */ = {
			isa = PBXResourcesBuildPhase;
			buildActionMask = 2147483647;
			files = (
				BCD5209024FF944A0019B2AF /* LaunchScreen.storyboard in Resources */,
				BCD5208D24FF944A0019B2AF /* Assets.xcassets in Resources */,
				BCD5208B24FF94490019B2AF /* Main.storyboard in Resources */,
			);
			runOnlyForDeploymentPostprocessing = 0;
		};
		BCD5209424FF944A0019B2AF /* Resources */ = {
			isa = PBXResourcesBuildPhase;
			buildActionMask = 2147483647;
			files = (
			);
			runOnlyForDeploymentPostprocessing = 0;
		};
		BCD5209F24FF944A0019B2AF /* Resources */ = {
			isa = PBXResourcesBuildPhase;
			buildActionMask = 2147483647;
			files = (
			);
			runOnlyForDeploymentPostprocessing = 0;
		};
/* End PBXResourcesBuildPhase section */

/* Begin PBXShellScriptBuildPhase section */
		14FE5C4B45140150B6CC2112 /* [CP] Check Pods Manifest.lock */ = {
			isa = PBXShellScriptBuildPhase;
			buildActionMask = 2147483647;
			files = (
			);
			inputFileListPaths = (
			);
			inputPaths = (
				"${PODS_PODFILE_DIR_PATH}/Podfile.lock",
				"${PODS_ROOT}/Manifest.lock",
			);
			name = "[CP] Check Pods Manifest.lock";
			outputFileListPaths = (
			);
			outputPaths = (
				"$(DERIVED_FILE_DIR)/Pods-EarlGreyExperimentTests-checkManifestLockResult.txt",
			);
			runOnlyForDeploymentPostprocessing = 0;
			shellPath = /bin/sh;
			shellScript = "diff \"${PODS_PODFILE_DIR_PATH}/Podfile.lock\" \"${PODS_ROOT}/Manifest.lock\" > /dev/null\nif [ $? != 0 ] ; then\n    # print error to STDERR\n    echo \"error: The sandbox is not in sync with the Podfile.lock. Run 'pod install' or update your CocoaPods installation.\" >&2\n    exit 1\nfi\n# This output is used by Xcode 'outputs' to avoid re-running this script phase.\necho \"SUCCESS\" > \"${SCRIPT_OUTPUT_FILE_0}\"\n";
			showEnvVarsInLog = 0;
		};
		22333694D142179A64691D21 /* [CP] Check Pods Manifest.lock */ = {
			isa = PBXShellScriptBuildPhase;
			buildActionMask = 2147483647;
			files = (
			);
			inputFileListPaths = (
			);
			inputPaths = (
				"${PODS_PODFILE_DIR_PATH}/Podfile.lock",
				"${PODS_ROOT}/Manifest.lock",
			);
			name = "[CP] Check Pods Manifest.lock";
			outputFileListPaths = (
			);
			outputPaths = (
				"$(DERIVED_FILE_DIR)/Pods-EarlGreyExperiment-checkManifestLockResult.txt",
			);
			runOnlyForDeploymentPostprocessing = 0;
			shellPath = /bin/sh;
			shellScript = "diff \"${PODS_PODFILE_DIR_PATH}/Podfile.lock\" \"${PODS_ROOT}/Manifest.lock\" > /dev/null\nif [ $? != 0 ] ; then\n    # print error to STDERR\n    echo \"error: The sandbox is not in sync with the Podfile.lock. Run 'pod install' or update your CocoaPods installation.\" >&2\n    exit 1\nfi\n# This output is used by Xcode 'outputs' to avoid re-running this script phase.\necho \"SUCCESS\" > \"${SCRIPT_OUTPUT_FILE_0}\"\n";
			showEnvVarsInLog = 0;
		};
		9A81B9D6C8043DD490010F6C /* [CP] Check Pods Manifest.lock */ = {
			isa = PBXShellScriptBuildPhase;
			buildActionMask = 2147483647;
			files = (
			);
			inputFileListPaths = (
			);
			inputPaths = (
				"${PODS_PODFILE_DIR_PATH}/Podfile.lock",
				"${PODS_ROOT}/Manifest.lock",
			);
			name = "[CP] Check Pods Manifest.lock";
			outputFileListPaths = (
			);
			outputPaths = (
				"$(DERIVED_FILE_DIR)/Pods-EarlGreyExperimentUITests-checkManifestLockResult.txt",
			);
			runOnlyForDeploymentPostprocessing = 0;
			shellPath = /bin/sh;
			shellScript = "diff \"${PODS_PODFILE_DIR_PATH}/Podfile.lock\" \"${PODS_ROOT}/Manifest.lock\" > /dev/null\nif [ $? != 0 ] ; then\n    # print error to STDERR\n    echo \"error: The sandbox is not in sync with the Podfile.lock. Run 'pod install' or update your CocoaPods installation.\" >&2\n    exit 1\nfi\n# This output is used by Xcode 'outputs' to avoid re-running this script phase.\necho \"SUCCESS\" > \"${SCRIPT_OUTPUT_FILE_0}\"\n";
			showEnvVarsInLog = 0;
		};
		AA2D096E88242BA1FA3B6511 /* [CP] Embed Pods Frameworks */ = {
			isa = PBXShellScriptBuildPhase;
			buildActionMask = 2147483647;
			files = (
			);
			inputFileListPaths = (
				"${PODS_ROOT}/Target Support Files/Pods-EarlGreyExperimentTests/Pods-EarlGreyExperimentTests-frameworks-${CONFIGURATION}-input-files.xcfilelist",
			);
			name = "[CP] Embed Pods Frameworks";
			outputFileListPaths = (
				"${PODS_ROOT}/Target Support Files/Pods-EarlGreyExperimentTests/Pods-EarlGreyExperimentTests-frameworks-${CONFIGURATION}-output-files.xcfilelist",
			);
			runOnlyForDeploymentPostprocessing = 0;
			shellPath = /bin/sh;
			shellScript = "\"${PODS_ROOT}/Target Support Files/Pods-EarlGreyExperimentTests/Pods-EarlGreyExperimentTests-frameworks.sh\"\n";
			showEnvVarsInLog = 0;
		};
/* End PBXShellScriptBuildPhase section */

/* Begin PBXSourcesBuildPhase section */
		BCD5207C24FF94490019B2AF /* Sources */ = {
			isa = PBXSourcesBuildPhase;
			buildActionMask = 2147483647;
			files = (
				BCD5208824FF94490019B2AF /* ViewController.swift in Sources */,
				BCD5208424FF94490019B2AF /* AppDelegate.swift in Sources */,
				BCD5208624FF94490019B2AF /* SceneDelegate.swift in Sources */,
			);
			runOnlyForDeploymentPostprocessing = 0;
		};
		BCD5209224FF944A0019B2AF /* Sources */ = {
			isa = PBXSourcesBuildPhase;
			buildActionMask = 2147483647;
			files = (
				BCD520B424FF949B0019B2AF /* EarlGrey.swift in Sources */,
				BCD5209B24FF944A0019B2AF /* EarlGreyExperimentTests.swift in Sources */,
			);
			runOnlyForDeploymentPostprocessing = 0;
		};
		BCD5209D24FF944A0019B2AF /* Sources */ = {
			isa = PBXSourcesBuildPhase;
			buildActionMask = 2147483647;
			files = (
				BCD520A624FF944A0019B2AF /* EarlGreyExperimentUITests.swift in Sources */,
			);
			runOnlyForDeploymentPostprocessing = 0;
		};
/* End PBXSourcesBuildPhase section */

/* Begin PBXTargetDependency section */
		BCD5209824FF944A0019B2AF /* PBXTargetDependency */ = {
			isa = PBXTargetDependency;
			target = BCD5207F24FF94490019B2AF /* EarlGreyExperiment */;
			targetProxy = BCD5209724FF944A0019B2AF /* PBXContainerItemProxy */;
		};
		BCD520A324FF944A0019B2AF /* PBXTargetDependency */ = {
			isa = PBXTargetDependency;
			target = BCD5207F24FF94490019B2AF /* EarlGreyExperiment */;
			targetProxy = BCD520A224FF944A0019B2AF /* PBXContainerItemProxy */;
		};
/* End PBXTargetDependency section */

/* Begin PBXVariantGroup section */
		BCD5208924FF94490019B2AF /* Main.storyboard */ = {
			isa = PBXVariantGroup;
			children = (
				BCD5208A24FF94490019B2AF /* Base */,
			);
			name = Main.storyboard;
			sourceTree = "<group>";
		};
		BCD5208E24FF944A0019B2AF /* LaunchScreen.storyboard */ = {
			isa = PBXVariantGroup;
			children = (
				BCD5208F24FF944A0019B2AF /* Base */,
			);
			name = LaunchScreen.storyboard;
			sourceTree = "<group>";
		};
/* End PBXVariantGroup section */

/* Begin XCBuildConfiguration section */
		BCD520A824FF944A0019B2AF /* Debug */ = {
			isa = XCBuildConfiguration;
			buildSettings = {
				ALWAYS_SEARCH_USER_PATHS = NO;
				CLANG_ANALYZER_NONNULL = YES;
				CLANG_ANALYZER_NUMBER_OBJECT_CONVERSION = YES_AGGRESSIVE;
				CLANG_CXX_LANGUAGE_STANDARD = "gnu++14";
				CLANG_CXX_LIBRARY = "libc++";
				CLANG_ENABLE_MODULES = YES;
				CLANG_ENABLE_OBJC_ARC = YES;
				CLANG_ENABLE_OBJC_WEAK = YES;
				CLANG_WARN_BLOCK_CAPTURE_AUTORELEASING = YES;
				CLANG_WARN_BOOL_CONVERSION = YES;
				CLANG_WARN_COMMA = YES;
				CLANG_WARN_CONSTANT_CONVERSION = YES;
				CLANG_WARN_DEPRECATED_OBJC_IMPLEMENTATIONS = YES;
				CLANG_WARN_DIRECT_OBJC_ISA_USAGE = YES_ERROR;
				CLANG_WARN_DOCUMENTATION_COMMENTS = YES;
				CLANG_WARN_EMPTY_BODY = YES;
				CLANG_WARN_ENUM_CONVERSION = YES;
				CLANG_WARN_INFINITE_RECURSION = YES;
				CLANG_WARN_INT_CONVERSION = YES;
				CLANG_WARN_NON_LITERAL_NULL_CONVERSION = YES;
				CLANG_WARN_OBJC_IMPLICIT_RETAIN_SELF = YES;
				CLANG_WARN_OBJC_LITERAL_CONVERSION = YES;
				CLANG_WARN_OBJC_ROOT_CLASS = YES_ERROR;
				CLANG_WARN_RANGE_LOOP_ANALYSIS = YES;
				CLANG_WARN_STRICT_PROTOTYPES = YES;
				CLANG_WARN_SUSPICIOUS_MOVE = YES;
				CLANG_WARN_UNGUARDED_AVAILABILITY = YES_AGGRESSIVE;
				CLANG_WARN_UNREACHABLE_CODE = YES;
				CLANG_WARN__DUPLICATE_METHOD_MATCH = YES;
				COPY_PHASE_STRIP = NO;
				DEBUG_INFORMATION_FORMAT = dwarf;
				ENABLE_STRICT_OBJC_MSGSEND = YES;
				ENABLE_TESTABILITY = YES;
				GCC_C_LANGUAGE_STANDARD = gnu11;
				GCC_DYNAMIC_NO_PIC = NO;
				GCC_NO_COMMON_BLOCKS = YES;
				GCC_OPTIMIZATION_LEVEL = 0;
				GCC_PREPROCESSOR_DEFINITIONS = (
					"DEBUG=1",
					"$(inherited)",
				);
				GCC_WARN_64_TO_32_BIT_CONVERSION = YES;
				GCC_WARN_ABOUT_RETURN_TYPE = YES_ERROR;
				GCC_WARN_UNDECLARED_SELECTOR = YES;
				GCC_WARN_UNINITIALIZED_AUTOS = YES_AGGRESSIVE;
				GCC_WARN_UNUSED_FUNCTION = YES;
				GCC_WARN_UNUSED_VARIABLE = YES;
				IPHONEOS_DEPLOYMENT_TARGET = 13.7;
				MTL_ENABLE_DEBUG_INFO = INCLUDE_SOURCE;
				MTL_FAST_MATH = YES;
				ONLY_ACTIVE_ARCH = YES;
				SDKROOT = iphoneos;
				SWIFT_ACTIVE_COMPILATION_CONDITIONS = DEBUG;
				SWIFT_OPTIMIZATION_LEVEL = "-Onone";
			};
			name = Debug;
		};
		BCD520A924FF944A0019B2AF /* Release */ = {
			isa = XCBuildConfiguration;
			buildSettings = {
				ALWAYS_SEARCH_USER_PATHS = NO;
				CLANG_ANALYZER_NONNULL = YES;
				CLANG_ANALYZER_NUMBER_OBJECT_CONVERSION = YES_AGGRESSIVE;
				CLANG_CXX_LANGUAGE_STANDARD = "gnu++14";
				CLANG_CXX_LIBRARY = "libc++";
				CLANG_ENABLE_MODULES = YES;
				CLANG_ENABLE_OBJC_ARC = YES;
				CLANG_ENABLE_OBJC_WEAK = YES;
				CLANG_WARN_BLOCK_CAPTURE_AUTORELEASING = YES;
				CLANG_WARN_BOOL_CONVERSION = YES;
				CLANG_WARN_COMMA = YES;
				CLANG_WARN_CONSTANT_CONVERSION = YES;
				CLANG_WARN_DEPRECATED_OBJC_IMPLEMENTATIONS = YES;
				CLANG_WARN_DIRECT_OBJC_ISA_USAGE = YES_ERROR;
				CLANG_WARN_DOCUMENTATION_COMMENTS = YES;
				CLANG_WARN_EMPTY_BODY = YES;
				CLANG_WARN_ENUM_CONVERSION = YES;
				CLANG_WARN_INFINITE_RECURSION = YES;
				CLANG_WARN_INT_CONVERSION = YES;
				CLANG_WARN_NON_LITERAL_NULL_CONVERSION = YES;
				CLANG_WARN_OBJC_IMPLICIT_RETAIN_SELF = YES;
				CLANG_WARN_OBJC_LITERAL_CONVERSION = YES;
				CLANG_WARN_OBJC_ROOT_CLASS = YES_ERROR;
				CLANG_WARN_RANGE_LOOP_ANALYSIS = YES;
				CLANG_WARN_STRICT_PROTOTYPES = YES;
				CLANG_WARN_SUSPICIOUS_MOVE = YES;
				CLANG_WARN_UNGUARDED_AVAILABILITY = YES_AGGRESSIVE;
				CLANG_WARN_UNREACHABLE_CODE = YES;
				CLANG_WARN__DUPLICATE_METHOD_MATCH = YES;
				COPY_PHASE_STRIP = NO;
				DEBUG_INFORMATION_FORMAT = "dwarf-with-dsym";
				ENABLE_NS_ASSERTIONS = NO;
				ENABLE_STRICT_OBJC_MSGSEND = YES;
				GCC_C_LANGUAGE_STANDARD = gnu11;
				GCC_NO_COMMON_BLOCKS = YES;
				GCC_WARN_64_TO_32_BIT_CONVERSION = YES;
				GCC_WARN_ABOUT_RETURN_TYPE = YES_ERROR;
				GCC_WARN_UNDECLARED_SELECTOR = YES;
				GCC_WARN_UNINITIALIZED_AUTOS = YES_AGGRESSIVE;
				GCC_WARN_UNUSED_FUNCTION = YES;
				GCC_WARN_UNUSED_VARIABLE = YES;
				IPHONEOS_DEPLOYMENT_TARGET = 13.7;
				MTL_ENABLE_DEBUG_INFO = NO;
				MTL_FAST_MATH = YES;
				SDKROOT = iphoneos;
				SWIFT_COMPILATION_MODE = wholemodule;
				SWIFT_OPTIMIZATION_LEVEL = "-O";
				VALIDATE_PRODUCT = YES;
			};
			name = Release;
		};
		BCD520AB24FF944A0019B2AF /* Debug */ = {
			isa = XCBuildConfiguration;
			baseConfigurationReference = F1C224429B295AADB4E1DF14 /* Pods-EarlGreyExperiment.debug.xcconfig */;
			buildSettings = {
				ASSETCATALOG_COMPILER_APPICON_NAME = AppIcon;
				CODE_SIGN_STYLE = Automatic;
				INFOPLIST_FILE = EarlGreyExperiment/Info.plist;
				LD_RUNPATH_SEARCH_PATHS = (
					"$(inherited)",
					"@executable_path/Frameworks",
				);
				PRODUCT_BUNDLE_IDENTIFIER = com.tazkiyatech.EarlGreyExperiment;
				PRODUCT_NAME = "$(TARGET_NAME)";
				SWIFT_VERSION = 5.0;
				TARGETED_DEVICE_FAMILY = "1,2";
			};
			name = Debug;
		};
		BCD520AC24FF944A0019B2AF /* Release */ = {
			isa = XCBuildConfiguration;
			baseConfigurationReference = 65B85BCA5EC909EDB5792F9A /* Pods-EarlGreyExperiment.release.xcconfig */;
			buildSettings = {
				ASSETCATALOG_COMPILER_APPICON_NAME = AppIcon;
				CODE_SIGN_STYLE = Automatic;
				INFOPLIST_FILE = EarlGreyExperiment/Info.plist;
				LD_RUNPATH_SEARCH_PATHS = (
					"$(inherited)",
					"@executable_path/Frameworks",
				);
				PRODUCT_BUNDLE_IDENTIFIER = com.tazkiyatech.EarlGreyExperiment;
				PRODUCT_NAME = "$(TARGET_NAME)";
				SWIFT_VERSION = 5.0;
				TARGETED_DEVICE_FAMILY = "1,2";
			};
			name = Release;
		};
		BCD520AE24FF944A0019B2AF /* Debug */ = {
			isa = XCBuildConfiguration;
			baseConfigurationReference = 90226AD9FF3597EB1CC7924B /* Pods-EarlGreyExperimentTests.debug.xcconfig */;
			buildSettings = {
				ALWAYS_EMBED_SWIFT_STANDARD_LIBRARIES = YES;
				BUNDLE_LOADER = "$(TEST_HOST)";
				CODE_SIGN_STYLE = Automatic;
				INFOPLIST_FILE = EarlGreyExperimentTests/Info.plist;
				IPHONEOS_DEPLOYMENT_TARGET = 13.7;
				LD_RUNPATH_SEARCH_PATHS = (
					"$(inherited)",
					"@executable_path/Frameworks",
					"@loader_path/Frameworks",
				);
				PRODUCT_BUNDLE_IDENTIFIER = com.tazkiyatech.EarlGreyExperimentTests;
				PRODUCT_NAME = "$(TARGET_NAME)";
				SWIFT_VERSION = 5.0;
				TARGETED_DEVICE_FAMILY = "1,2";
				TEST_HOST = "$(BUILT_PRODUCTS_DIR)/EarlGreyExperiment.app/EarlGreyExperiment";
			};
			name = Debug;
		};
		BCD520AF24FF944A0019B2AF /* Release */ = {
			isa = XCBuildConfiguration;
			baseConfigurationReference = F7E466BF5930492D6174065A /* Pods-EarlGreyExperimentTests.release.xcconfig */;
			buildSettings = {
				ALWAYS_EMBED_SWIFT_STANDARD_LIBRARIES = YES;
				BUNDLE_LOADER = "$(TEST_HOST)";
				CODE_SIGN_STYLE = Automatic;
				INFOPLIST_FILE = EarlGreyExperimentTests/Info.plist;
				IPHONEOS_DEPLOYMENT_TARGET = 13.7;
				LD_RUNPATH_SEARCH_PATHS = (
					"$(inherited)",
					"@executable_path/Frameworks",
					"@loader_path/Frameworks",
				);
				PRODUCT_BUNDLE_IDENTIFIER = com.tazkiyatech.EarlGreyExperimentTests;
				PRODUCT_NAME = "$(TARGET_NAME)";
				SWIFT_VERSION = 5.0;
				TARGETED_DEVICE_FAMILY = "1,2";
				TEST_HOST = "$(BUILT_PRODUCTS_DIR)/EarlGreyExperiment.app/EarlGreyExperiment";
			};
			name = Release;
		};
		BCD520B124FF944A0019B2AF /* Debug */ = {
			isa = XCBuildConfiguration;
			baseConfigurationReference = 93A53415FD0495747F74DA41 /* Pods-EarlGreyExperimentUITests.debug.xcconfig */;
			buildSettings = {
				ALWAYS_EMBED_SWIFT_STANDARD_LIBRARIES = YES;
				CODE_SIGN_STYLE = Automatic;
				INFOPLIST_FILE = EarlGreyExperimentUITests/Info.plist;
				LD_RUNPATH_SEARCH_PATHS = (
					"$(inherited)",
					"@executable_path/Frameworks",
					"@loader_path/Frameworks",
				);
				PRODUCT_BUNDLE_IDENTIFIER = com.tazkiyatech.EarlGreyExperimentUITests;
				PRODUCT_NAME = "$(TARGET_NAME)";
				SWIFT_VERSION = 5.0;
				TARGETED_DEVICE_FAMILY = "1,2";
				TEST_TARGET_NAME = EarlGreyExperiment;
			};
			name = Debug;
		};
		BCD520B224FF944A0019B2AF /* Release */ = {
			isa = XCBuildConfiguration;
			baseConfigurationReference = 21054D0067EB0AF9AB9EB02C /* Pods-EarlGreyExperimentUITests.release.xcconfig */;
			buildSettings = {
				ALWAYS_EMBED_SWIFT_STANDARD_LIBRARIES = YES;
				CODE_SIGN_STYLE = Automatic;
				INFOPLIST_FILE = EarlGreyExperimentUITests/Info.plist;
				LD_RUNPATH_SEARCH_PATHS = (
					"$(inherited)",
					"@executable_path/Frameworks",
					"@loader_path/Frameworks",
				);
				PRODUCT_BUNDLE_IDENTIFIER = com.tazkiyatech.EarlGreyExperimentUITests;
				PRODUCT_NAME = "$(TARGET_NAME)";
				SWIFT_VERSION = 5.0;
				TARGETED_DEVICE_FAMILY = "1,2";
				TEST_TARGET_NAME = EarlGreyExperiment;
			};
			name = Release;
		};
/* End XCBuildConfiguration section */

/* Begin XCConfigurationList section */
		BCD5207B24FF94490019B2AF /* Build configuration list for PBXProject "EarlGreyExperiment" */ = {
			isa = XCConfigurationList;
			buildConfigurations = (
				BCD520A824FF944A0019B2AF /* Debug */,
				BCD520A924FF944A0019B2AF /* Release */,
			);
			defaultConfigurationIsVisible = 0;
			defaultConfigurationName = Release;
		};
		BCD520AA24FF944A0019B2AF /* Build configuration list for PBXNativeTarget "EarlGreyExperiment" */ = {
			isa = XCConfigurationList;
			buildConfigurations = (
				BCD520AB24FF944A0019B2AF /* Debug */,
				BCD520AC24FF944A0019B2AF /* Release */,
			);
			defaultConfigurationIsVisible = 0;
			defaultConfigurationName = Release;
		};
		BCD520AD24FF944A0019B2AF /* Build configuration list for PBXNativeTarget "EarlGreyExperimentTests" */ = {
			isa = XCConfigurationList;
			buildConfigurations = (
				BCD520AE24FF944A0019B2AF /* Debug */,
				BCD520AF24FF944A0019B2AF /* Release */,
			);
			defaultConfigurationIsVisible = 0;
			defaultConfigurationName = Release;
		};
		BCD520B024FF944A0019B2AF /* Build configuration list for PBXNativeTarget "EarlGreyExperimentUITests" */ = {
			isa = XCConfigurationList;
			buildConfigurations = (
				BCD520B124FF944A0019B2AF /* Debug */,
				BCD520B224FF944A0019B2AF /* Release */,
			);
			defaultConfigurationIsVisible = 0;
			defaultConfigurationName = Release;
		};
/* End XCConfigurationList section */
	};
	rootObject = BCD5207824FF94490019B2AF /* Project object */;
}
